
Microsoft Visual Studio Solution File, Format Version 12.00
# Visual Studio 14
VisualStudioVersion = 14.0.25420.1
MinimumVisualStudioVersion = 10.0.40219.1
Project("{E24C65DC-7377-472B-9ABA-BC803B73C61A}") = "Github3tib", "D:\RajaPutriAnnisa_3TIB_PW2\Github3tib\", "{5424E988-D848-445E-A675-746142503240}"
	ProjectSection(WebsiteProperties) = preProject
		TargetFrameworkMoniker = ".NETFramework,Version%3Dv4.5.2"
		Debug.AspNetCompiler.VirtualPath = "/localhost_54022"
		Debug.AspNetCompiler.PhysicalPath = "D:\RajaPutriAnnisa_3TIB_PW2\Github3tib\"
		Debug.AspNetCompiler.TargetPath = "PrecompiledWeb\localhost_54022\"
		Debug.AspNetCompiler.Updateable = "true"
		Debug.AspNetCompiler.ForceOverwrite = "true"
		Debug.AspNetCompiler.FixedNames = "false"
		Debug.AspNetCompiler.Debug = "True"
		Release.AspNetCompiler.VirtualPath = "/localhost_54022"
		Release.AspNetCompiler.PhysicalPath = "D:\RajaPutriAnnisa_3TIB_PW2\Github3tib\"
		Release.AspNetCompiler.TargetPath = "PrecompiledWeb\localhost_54022\"
		Release.AspNetCompiler.Updateable = "true"
		Release.AspNetCompiler.ForceOverwrite = "true"
		Release.AspNetCompiler.FixedNames = "false"
		Release.AspNetCompiler.Debug = "False"
		VWDPort = "54022"
		SlnRelativePath = "D:\RajaPutriAnnisa_3TIB_PW2\Github3tib\"
		DefaultWebSiteLanguage = "Visual Basic"
	EndProjectSection
EndProject
Global
	GlobalSection(SolutionConfigurationPlatforms) = preSolution
		Debug|Any CPU = Debug|Any CPU
	EndGlobalSection
	GlobalSection(ProjectConfigurationPlatforms) = postSolution
		{5424E988-D848-445E-A675-746142503240}.Debug|Any CPU.ActiveCfg = Debug|Any CPU
		{5424E988-D848-445E-A675-746142503240}.Debug|Any CPU.Build.0 = Debug|Any CPU
	EndGlobalSection
	GlobalSection(SolutionProperties) = preSolution
		HideSolutionNode = FALSE
	EndGlobalSection
EndGlobal
